
Microsoft Visual Studio Solution File, Format Version 12.00
# Visual Studio Version 17
VisualStudioVersion = 17.2.32519.379
MinimumVisualStudioVersion = 10.0.40219.1
Project("{FAE04EC0-301F-11D3-BF4B-00C04F79EFBC}") = "TestLog", "TestLog\TestLog.csproj", "{015ACBF1-B947-4892-9885-C3FDBE543CDB}"
EndProject
Global
	GlobalSection(SolutionConfigurationPlatforms) = preSolution
		Debug|Any CPU = Debug|Any CPU
		Release|Any CPU = Release|Any CPU
	EndGlobalSection
	GlobalSection(ProjectConfigurationPlatforms) = postSolution
		{015ACBF1-B947-4892-9885-C3FDBE543CDB}.Debug|Any CPU.ActiveCfg = Debug|Any CPU
		{015ACBF1-B947-4892-9885-C3FDBE543CDB}.Debug|Any CPU.Build.0 = Debug|Any CPU
		{015ACBF1-B947-4892-9885-C3FDBE543CDB}.Release|Any CPU.ActiveCfg = Release|Any CPU
		{015ACBF1-B947-4892-9885-C3FDBE543CDB}.Release|Any CPU.Build.0 = Release|Any CPU
	EndGlobalSection
	GlobalSection(SolutionProperties) = preSolution
		HideSolutionNode = FALSE
	EndGlobalSection
	GlobalSection(ExtensibilityGlobals) = postSolution
		SolutionGuid = {92DE9184-6EB6-4DF4-BB05-BA03C5A179D8}
	EndGlobalSection
EndGlobal
